# This file is automatically @generated by Cargo.
# It is not intended for manual editing.
[[package]]
name = "bitflags"
version = "1.2.1"
source = "registry+https://github.com/rust-lang/crates.io-index"
checksum = "cf1de2fe8c75bc145a2f577add951f8134889b4795d47466a54a5c846d691693"

[[package]]
name = "deadwiki"
version = "0.1.25-dev"
dependencies = [
 "hatter",
 "linkify",
 "pulldown-cmark",
 "vial",
]

[[package]]
name = "hatter"
version = "0.1.4"
source = "registry+https://github.com/rust-lang/crates.io-index"
checksum = "8c29f859be2f96530a5bdac07538e37365e937b0c078ef8432c5b494e3443b72"

[[package]]
name = "hermit-abi"
version = "0.1.12"
source = "registry+https://github.com/rust-lang/crates.io-index"
checksum = "61565ff7aaace3525556587bd2dc31d4a07071957be715e63ce7b1eccf51a8f4"
dependencies = [
 "libc",
]

[[package]]
name = "libc"
version = "0.2.69"
source = "registry+https://github.com/rust-lang/crates.io-index"
checksum = "99e85c08494b21a9054e7fe1374a732aeadaff3980b6990b94bfd3a70f690005"

[[package]]
name = "libc-strftime"
version = "0.2.0"
source = "registry+https://github.com/rust-lang/crates.io-index"
checksum = "3badb12f3d8623017f2cff9de476ff32f426ef45419253366fa088b8df6364cf"
dependencies = [
 "libc",
]

[[package]]
name = "linkify"
version = "0.4.0"
source = "registry+https://github.com/rust-lang/crates.io-index"
checksum = "03951527dd24d2c59f407502e7d88e0948ef06fac23335b556a4c2bc03c22096"
dependencies = [
 "memchr",
]

[[package]]
name = "memchr"
version = "2.3.3"
source = "registry+https://github.com/rust-lang/crates.io-index"
checksum = "3728d817d99e5ac407411fa471ff9800a778d88a24685968b36824eaf4bee400"

[[package]]
name = "num_cpus"
version = "1.13.0"
source = "registry+https://github.com/rust-lang/crates.io-index"
checksum = "05499f3756671c15885fee9034446956fff3f243d6077b91e5767df161f766b3"
dependencies = [
 "hermit-abi",
 "libc",
]

[[package]]
name = "pulldown-cmark"
version = "0.7.1"
source = "registry+https://github.com/rust-lang/crates.io-index"
checksum = "3e142c3b8f49d2200605ee6ba0b1d757310e9e7a72afe78c36ee2ef67300ee00"
dependencies = [
 "bitflags",
 "memchr",
 "unicase",
]

[[package]]
name = "threadpool"
version = "1.8.0"
source = "registry+https://github.com/rust-lang/crates.io-index"
checksum = "e8dae184447c15d5a6916d973c642aec485105a13cd238192a6927ae3e077d66"
dependencies = [
 "num_cpus",
]

[[package]]
name = "unicase"
version = "2.6.0"
source = "registry+https://github.com/rust-lang/crates.io-index"
checksum = "50f37be617794602aabbeee0be4f259dc1778fabe05e2d67ee8f79326d5cb4f6"
dependencies = [
 "version_check",
]

[[package]]
name = "version_check"
version = "0.9.1"
source = "registry+https://github.com/rust-lang/crates.io-index"
checksum = "078775d0255232fb988e6fccf26ddc9d1ac274299aaedcedce21c6f72cc533ce"

[[package]]
name = "vial"
version = "0.1.7"
source = "registry+https://github.com/rust-lang/crates.io-index"
checksum = "62ac5c4999071c362f914d1f7b3b87ee555aed25362807068ad69a0feddacb61"
dependencies = [
 "libc-strftime",
 "threadpool",
]
